#MicroXplorer Configuration settings - do not modify
ADC1.Channel-0\#ChannelRegularConversion=ADC_CHANNEL_6
ADC1.ExternalTrigConv=ADC_EXTERNALTRIGCONV_T2_TRGO
ADC1.IPParameters=Rank-0\#ChannelRegularConversion,master,Channel-0\#ChannelRegularConversion,SamplingTime-0\#ChannelRegularConversion,NbrOfConversionFlag,ExternalTrigConv
ADC1.NbrOfConversionFlag=1
ADC1.Rank-0\#ChannelRegularConversion=1
ADC1.SamplingTime-0\#ChannelRegularConversion=ADC_SAMPLETIME_3CYCLES
ADC1.master=1
ADC2.Channel-0\#ChannelRegularConversion=ADC_CHANNEL_7
ADC2.ExternalTrigConv=ADC_EXTERNALTRIGCONV_T2_TRGO
ADC2.IPParameters=Rank-0\#ChannelRegularConversion,Channel-0\#ChannelRegularConversion,SamplingTime-0\#ChannelRegularConversion,NbrOfConversionFlag,ExternalTrigConv
ADC2.NbrOfConversionFlag=1
ADC2.Rank-0\#ChannelRegularConversion=1
ADC2.SamplingTime-0\#ChannelRegularConversion=ADC_SAMPLETIME_3CYCLES
CAD.formats=
CAD.pinconfig=
CAD.provider=
DAC.DAC_Trigger=DAC_TRIGGER_T6_TRGO
DAC.IPParameters=DAC_Trigger
Dma.ADC1.0.Direction=DMA_PERIPH_TO_MEMORY
Dma.ADC1.0.FIFOMode=DMA_FIFOMODE_DISABLE
Dma.ADC1.0.Instance=DMA2_Stream0
Dma.ADC1.0.MemDataAlignment=DMA_MDATAALIGN_HALFWORD
Dma.ADC1.0.MemInc=DMA_MINC_ENABLE
Dma.ADC1.0.Mode=DMA_NORMAL
Dma.ADC1.0.PeriphDataAlignment=DMA_PDATAALIGN_HALFWORD
Dma.ADC1.0.PeriphInc=DMA_PINC_DISABLE
Dma.ADC1.0.Priority=DMA_PRIORITY_LOW
Dma.ADC1.0.RequestParameters=Instance,Direction,PeriphInc,MemInc,PeriphDataAlignment,MemDataAlignment,Mode,Priority,FIFOMode
Dma.ADC2.1.Direction=DMA_PERIPH_TO_MEMORY
Dma.ADC2.1.FIFOMode=DMA_FIFOMODE_DISABLE
Dma.ADC2.1.Instance=DMA2_Stream2
Dma.ADC2.1.MemDataAlignment=DMA_MDATAALIGN_HALFWORD
Dma.ADC2.1.MemInc=DMA_MINC_ENABLE
Dma.ADC2.1.Mode=DMA_NORMAL
Dma.ADC2.1.PeriphDataAlignment=DMA_PDATAALIGN_HALFWORD
Dma.ADC2.1.PeriphInc=DMA_PINC_DISABLE
Dma.ADC2.1.Priority=DMA_PRIORITY_LOW
Dma.ADC2.1.RequestParameters=Instance,Direction,PeriphInc,MemInc,PeriphDataAlignment,MemDataAlignment,Mode,Priority,FIFOMode
Dma.DAC1.2.Direction=DMA_MEMORY_TO_PERIPH
Dma.DAC1.2.FIFOMode=DMA_FIFOMODE_DISABLE
Dma.DAC1.2.Instance=DMA1_Stream5
Dma.DAC1.2.MemDataAlignment=DMA_MDATAALIGN_HALFWORD
Dma.DAC1.2.MemInc=DMA_MINC_ENABLE
Dma.DAC1.2.Mode=DMA_CIRCULAR
Dma.DAC1.2.PeriphDataAlignment=DMA_PDATAALIGN_HALFWORD
Dma.DAC1.2.PeriphInc=DMA_PINC_DISABLE
Dma.DAC1.2.Priority=DMA_PRIORITY_LOW
Dma.DAC1.2.RequestParameters=Instance,Direction,PeriphInc,MemInc,PeriphDataAlignment,MemDataAlignment,Mode,Priority,FIFOMode
Dma.Request0=ADC1
Dma.Request1=ADC2
Dma.Request2=DAC1
Dma.Request3=USART1_TX
Dma.Request4=USART1_RX
Dma.RequestsNb=5
Dma.USART1_RX.4.Direction=DMA_PERIPH_TO_MEMORY
Dma.USART1_RX.4.FIFOMode=DMA_FIFOMODE_DISABLE
Dma.USART1_RX.4.Instance=DMA2_Stream5
Dma.USART1_RX.4.MemDataAlignment=DMA_MDATAALIGN_BYTE
Dma.USART1_RX.4.MemInc=DMA_MINC_ENABLE
Dma.USART1_RX.4.Mode=DMA_NORMAL
Dma.USART1_RX.4.PeriphDataAlignment=DMA_PDATAALIGN_BYTE
Dma.USART1_RX.4.PeriphInc=DMA_PINC_DISABLE
Dma.USART1_RX.4.Priority=DMA_PRIORITY_LOW
Dma.USART1_RX.4.RequestParameters=Instance,Direction,PeriphInc,MemInc,PeriphDataAlignment,MemDataAlignment,Mode,Priority,FIFOMode
Dma.USART1_TX.3.Direction=DMA_MEMORY_TO_PERIPH
Dma.USART1_TX.3.FIFOMode=DMA_FIFOMODE_DISABLE
Dma.USART1_TX.3.Instance=DMA2_Stream7
Dma.USART1_TX.3.MemDataAlignment=DMA_MDATAALIGN_BYTE
Dma.USART1_TX.3.MemInc=DMA_MINC_ENABLE
Dma.USART1_TX.3.Mode=DMA_NORMAL
Dma.USART1_TX.3.PeriphDataAlignment=DMA_PDATAALIGN_BYTE
Dma.USART1_TX.3.PeriphInc=DMA_PINC_DISABLE
Dma.USART1_TX.3.Priority=DMA_PRIORITY_LOW
Dma.USART1_TX.3.RequestParameters=Instance,Direction,PeriphInc,MemInc,PeriphDataAlignment,MemDataAlignment,Mode,Priority,FIFOMode
FSMC.ExtendedAddressSetupTime1=2
FSMC.ExtendedDataSetupTime1=2
FSMC.ExtendedMode1=FSMC_EXTENDED_MODE_ENABLE
FSMC.IPParameters=ExtendedMode1,ExtendedAddressSetupTime1,ExtendedDataSetupTime1
File.Version=6
GPIO.groupedBy=Group By Peripherals
KeepUserPlacement=true
Mcu.CPN=STM32F407ZGT6
Mcu.Family=STM32F4
Mcu.IP0=ADC1
Mcu.IP1=ADC2
Mcu.IP10=TIM6
Mcu.IP11=TIM9
Mcu.IP12=TIM11
Mcu.IP13=USART1
Mcu.IP2=DAC
Mcu.IP3=DMA
Mcu.IP4=FSMC
Mcu.IP5=NVIC
Mcu.IP6=RCC
Mcu.IP7=SYS
Mcu.IP8=TIM2
Mcu.IP9=TIM3
Mcu.IPNb=14
Mcu.Name=STM32F407Z(E-G)Tx
Mcu.Package=LQFP144
Mcu.Pin0=PE2
Mcu.Pin1=PE3
Mcu.Pin10=PA4
Mcu.Pin11=PA6
Mcu.Pin12=PA7
Mcu.Pin13=PF12
Mcu.Pin14=PE7
Mcu.Pin15=PE8
Mcu.Pin16=PE9
Mcu.Pin17=PE10
Mcu.Pin18=PE11
Mcu.Pin19=PE12
Mcu.Pin2=PE4
Mcu.Pin20=PE13
Mcu.Pin21=PE14
Mcu.Pin22=PE15
Mcu.Pin23=PB15
Mcu.Pin24=PD8
Mcu.Pin25=PD9
Mcu.Pin26=PD10
Mcu.Pin27=PD14
Mcu.Pin28=PD15
Mcu.Pin29=PA9
Mcu.Pin3=PE5
Mcu.Pin30=PA10
Mcu.Pin31=PA13
Mcu.Pin32=PA14
Mcu.Pin33=PD0
Mcu.Pin34=PD1
Mcu.Pin35=PD4
Mcu.Pin36=PD5
Mcu.Pin37=PG12
Mcu.Pin38=PB4
Mcu.Pin39=VP_SYS_VS_Systick
Mcu.Pin4=PF8
Mcu.Pin40=VP_TIM2_VS_ClockSourceINT
Mcu.Pin41=VP_TIM6_VS_ClockSourceINT
Mcu.Pin42=VP_TIM11_VS_ClockSourceINT
Mcu.Pin5=PF9
Mcu.Pin6=PF10
Mcu.Pin7=PH0-OSC_IN
Mcu.Pin8=PH1-OSC_OUT
Mcu.Pin9=PA0-WKUP
Mcu.PinsNb=43
Mcu.ThirdPartyNb=0
Mcu.UserConstants=
Mcu.UserName=STM32F407ZGTx
MxCube.Version=6.12.1
MxDb.Version=DB.6.0.121
NVIC.BusFault_IRQn=true\:0\:0\:false\:false\:true\:false\:false\:false
NVIC.DMA1_Stream5_IRQn=true\:0\:0\:false\:false\:true\:false\:true\:true
NVIC.DMA2_Stream0_IRQn=true\:0\:0\:false\:false\:true\:false\:true\:true
NVIC.DMA2_Stream2_IRQn=true\:0\:0\:false\:false\:true\:false\:true\:true
NVIC.DMA2_Stream5_IRQn=true\:0\:0\:false\:false\:true\:false\:true\:true
NVIC.DMA2_Stream7_IRQn=true\:0\:0\:false\:false\:true\:false\:true\:true
NVIC.DebugMonitor_IRQn=true\:0\:0\:false\:false\:true\:false\:false\:false
NVIC.ForceEnableDMAVector=true
NVIC.HardFault_IRQn=true\:0\:0\:false\:false\:true\:false\:false\:false
NVIC.MemoryManagement_IRQn=true\:0\:0\:false\:false\:true\:false\:false\:false
NVIC.NonMaskableInt_IRQn=true\:0\:0\:false\:false\:true\:false\:false\:false
NVIC.PendSV_IRQn=true\:0\:0\:false\:false\:true\:false\:false\:false
NVIC.PriorityGroup=NVIC_PRIORITYGROUP_4
NVIC.SVCall_IRQn=true\:0\:0\:false\:false\:true\:false\:false\:false
NVIC.SysTick_IRQn=true\:15\:0\:false\:false\:true\:false\:true\:false
NVIC.TIM1_TRG_COM_TIM11_IRQn=true\:1\:0\:true\:false\:true\:true\:true\:true
NVIC.USART1_IRQn=true\:0\:0\:false\:false\:true\:false\:true\:true
NVIC.UsageFault_IRQn=true\:0\:0\:false\:false\:true\:false\:false\:false
PA0-WKUP.GPIOParameters=GPIO_PuPd,GPIO_Label
PA0-WKUP.GPIO_Label=KEY3
PA0-WKUP.GPIO_PuPd=GPIO_PULLDOWN
PA0-WKUP.Locked=true
PA0-WKUP.Signal=GPIO_Input
PA10.Locked=true
PA10.Mode=Asynchronous
PA10.Signal=USART1_RX
PA13.Locked=true
PA13.Mode=Serial_Wire
PA13.Signal=SYS_JTMS-SWDIO
PA14.Locked=true
PA14.Mode=Serial_Wire
PA14.Signal=SYS_JTCK-SWCLK
PA4.Locked=true
PA4.Signal=COMP_DAC1_group
PA6.Locked=true
PA6.Signal=ADCx_IN6
PA7.Locked=true
PA7.Signal=ADCx_IN7
PA9.Locked=true
PA9.Mode=Asynchronous
PA9.Signal=USART1_TX
PB15.GPIOParameters=GPIO_Label
PB15.GPIO_Label=LCD_BL
PB15.Locked=true
PB15.Signal=GPIO_Output
PB4.Locked=true
PB4.Signal=S_TIM3_CH1
PD0.Locked=true
PD0.Signal=FSMC_D2_DA2
PD1.Locked=true
PD1.Signal=FSMC_D3_DA3
PD10.Locked=true
PD10.Signal=FSMC_D15_DA15
PD14.Locked=true
PD14.Signal=FSMC_D0_DA0
PD15.Locked=true
PD15.Signal=FSMC_D1_DA1
PD4.Locked=true
PD4.Signal=FSMC_NOE
PD5.Locked=true
PD5.Signal=FSMC_NWE
PD8.Locked=true
PD8.Signal=FSMC_D13_DA13
PD9.Locked=true
PD9.Signal=FSMC_D14_DA14
PE10.Locked=true
PE10.Signal=FSMC_D7_DA7
PE11.Locked=true
PE11.Signal=FSMC_D8_DA8
PE12.Locked=true
PE12.Signal=FSMC_D9_DA9
PE13.Locked=true
PE13.Signal=FSMC_D10_DA10
PE14.Locked=true
PE14.Signal=FSMC_D11_DA11
PE15.Locked=true
PE15.Signal=FSMC_D12_DA12
PE2.GPIOParameters=GPIO_PuPd,GPIO_Label
PE2.GPIO_Label=KEY2
PE2.GPIO_PuPd=GPIO_PULLUP
PE2.Locked=true
PE2.Signal=GPIO_Input
PE3.GPIOParameters=GPIO_PuPd,GPIO_Label
PE3.GPIO_Label=KEY1
PE3.GPIO_PuPd=GPIO_PULLUP
PE3.Locked=true
PE3.Signal=GPIO_Input
PE4.GPIOParameters=GPIO_PuPd,GPIO_Label
PE4.GPIO_Label=KEY0
PE4.GPIO_PuPd=GPIO_PULLUP
PE4.Locked=true
PE4.Signal=GPIO_Input
PE5.Locked=true
PE5.Signal=S_TIM9_CH1
PE7.Locked=true
PE7.Signal=FSMC_D4_DA4
PE8.Locked=true
PE8.Signal=FSMC_D5_DA5
PE9.Locked=true
PE9.Signal=FSMC_D6_DA6
PF10.GPIOParameters=PinState,GPIO_Label
PF10.GPIO_Label=LED1
PF10.Locked=true
PF10.PinState=GPIO_PIN_SET
PF10.Signal=GPIO_Output
PF12.Locked=true
PF12.Signal=FSMC_A6
PF8.GPIOParameters=GPIO_Label
PF8.GPIO_Label=BEEP
PF8.Locked=true
PF8.Signal=GPIO_Output
PF9.GPIOParameters=PinState,GPIO_Label
PF9.GPIO_Label=LED0
PF9.Locked=true
PF9.PinState=GPIO_PIN_SET
PF9.Signal=GPIO_Output
PG12.Locked=true
PG12.Mode=NorPsramChipSelect4_1
PG12.Signal=FSMC_NE4
PH0-OSC_IN.Locked=true
PH0-OSC_IN.Mode=HSE-External-Oscillator
PH0-OSC_IN.Signal=RCC_OSC_IN
PH1-OSC_OUT.Locked=true
PH1-OSC_OUT.Mode=HSE-External-Oscillator
PH1-OSC_OUT.Signal=RCC_OSC_OUT
PinOutPanel.RotationAngle=0
ProjectManager.AskForMigrate=true
ProjectManager.BackupPrevious=false
ProjectManager.CompilerOptimize=6
ProjectManager.ComputerToolchain=false
ProjectManager.CoupleFile=true
ProjectManager.CustomerFirmwarePackage=
ProjectManager.DefaultFWLocation=true
ProjectManager.DeletePrevious=true
ProjectManager.DeviceId=STM32F407ZGTx
ProjectManager.FirmwarePackage=STM32Cube FW_F4 V1.28.1
ProjectManager.FreePins=false
ProjectManager.HalAssertFull=false
ProjectManager.HeapSize=0x200
ProjectManager.KeepUserCode=true
ProjectManager.LastFirmware=true
ProjectManager.LibraryCopy=1
ProjectManager.MainLocation=Core/Src
ProjectManager.NoMain=false
ProjectManager.PreviousToolchain=
ProjectManager.ProjectBuild=false
ProjectManager.ProjectFileName=Project.ioc
ProjectManager.ProjectName=Project
ProjectManager.ProjectStructure=
ProjectManager.RegisterCallBack=
ProjectManager.StackSize=0x1000
ProjectManager.TargetToolchain=MDK-ARM V5.32
ProjectManager.ToolChainLocation=
ProjectManager.UAScriptAfterPath=
ProjectManager.UAScriptBeforePath=
ProjectManager.UnderRoot=false
ProjectManager.functionlistsort=1-SystemClock_Config-RCC-false-HAL-false,2-MX_GPIO_Init-GPIO-false-HAL-true,3-MX_DMA_Init-DMA-false-HAL-true,4-MX_FSMC_Init-FSMC-false-HAL-true,5-MX_TIM11_Init-TIM11-false-HAL-true,6-MX_TIM9_Init-TIM9-false-HAL-true,7-MX_TIM2_Init-TIM2-false-HAL-true,8-MX_TIM3_Init-TIM3-false-HAL-true,9-MX_TIM6_Init-TIM6-false-HAL-true,10-MX_ADC1_Init-ADC1-false-HAL-true,11-MX_ADC2_Init-ADC2-false-HAL-true,12-MX_DAC_Init-DAC-false-HAL-true,13-MX_USART1_UART_Init-USART1-false-HAL-true
RCC.48MHZClocksFreq_Value=84000000
RCC.AHBFreq_Value=168000000
RCC.APB1CLKDivider=RCC_HCLK_DIV4
RCC.APB1Freq_Value=42000000
RCC.APB1TimFreq_Value=84000000
RCC.APB2CLKDivider=RCC_HCLK_DIV2
RCC.APB2Freq_Value=84000000
RCC.APB2TimFreq_Value=168000000
RCC.CortexFreq_Value=168000000
RCC.EthernetFreq_Value=168000000
RCC.FCLKCortexFreq_Value=168000000
RCC.FamilyName=M
RCC.HCLKFreq_Value=168000000
RCC.HSE_VALUE=8000000
RCC.HSI_VALUE=16000000
RCC.I2SClocksFreq_Value=192000000
RCC.IPParameters=48MHZClocksFreq_Value,AHBFreq_Value,APB1CLKDivider,APB1Freq_Value,APB1TimFreq_Value,APB2CLKDivider,APB2Freq_Value,APB2TimFreq_Value,CortexFreq_Value,EthernetFreq_Value,FCLKCortexFreq_Value,FamilyName,HCLKFreq_Value,HSE_VALUE,HSI_VALUE,I2SClocksFreq_Value,LSE_VALUE,LSI_VALUE,MCO2PinFreq_Value,PLLCLKFreq_Value,PLLM,PLLN,PLLQCLKFreq_Value,PLLSourceVirtual,RTCFreq_Value,RTCHSEDivFreq_Value,SYSCLKFreq_VALUE,SYSCLKSource,VCOI2SOutputFreq_Value,VCOInputFreq_Value,VCOOutputFreq_Value,VcooutputI2S
RCC.LSE_VALUE=32768
RCC.LSI_VALUE=32000
RCC.MCO2PinFreq_Value=168000000
RCC.PLLCLKFreq_Value=168000000
RCC.PLLM=4
RCC.PLLN=168
RCC.PLLQCLKFreq_Value=84000000
RCC.PLLSourceVirtual=RCC_PLLSOURCE_HSE
RCC.RTCFreq_Value=32000
RCC.RTCHSEDivFreq_Value=4000000
RCC.SYSCLKFreq_VALUE=168000000
RCC.SYSCLKSource=RCC_SYSCLKSOURCE_PLLCLK
RCC.VCOI2SOutputFreq_Value=384000000
RCC.VCOInputFreq_Value=2000000
RCC.VCOOutputFreq_Value=336000000
RCC.VcooutputI2S=192000000
SH.ADCx_IN6.0=ADC1_IN6,IN6
SH.ADCx_IN6.ConfNb=1
SH.ADCx_IN7.0=ADC2_IN7,IN7
SH.ADCx_IN7.ConfNb=1
SH.COMP_DAC1_group.0=DAC_OUT1,DAC_OUT1
SH.COMP_DAC1_group.ConfNb=1
SH.FSMC_A6.0=FSMC_A6,A6_1
SH.FSMC_A6.ConfNb=1
SH.FSMC_D0_DA0.0=FSMC_D0,16b-d1
SH.FSMC_D0_DA0.ConfNb=1
SH.FSMC_D10_DA10.0=FSMC_D10,16b-d1
SH.FSMC_D10_DA10.ConfNb=1
SH.FSMC_D11_DA11.0=FSMC_D11,16b-d1
SH.FSMC_D11_DA11.ConfNb=1
SH.FSMC_D12_DA12.0=FSMC_D12,16b-d1
SH.FSMC_D12_DA12.ConfNb=1
SH.FSMC_D13_DA13.0=FSMC_D13,16b-d1
SH.FSMC_D13_DA13.ConfNb=1
SH.FSMC_D14_DA14.0=FSMC_D14,16b-d1
SH.FSMC_D14_DA14.ConfNb=1
SH.FSMC_D15_DA15.0=FSMC_D15,16b-d1
SH.FSMC_D15_DA15.ConfNb=1
SH.FSMC_D1_DA1.0=FSMC_D1,16b-d1
SH.FSMC_D1_DA1.ConfNb=1
SH.FSMC_D2_DA2.0=FSMC_D2,16b-d1
SH.FSMC_D2_DA2.ConfNb=1
SH.FSMC_D3_DA3.0=FSMC_D3,16b-d1
SH.FSMC_D3_DA3.ConfNb=1
SH.FSMC_D4_DA4.0=FSMC_D4,16b-d1
SH.FSMC_D4_DA4.ConfNb=1
SH.FSMC_D5_DA5.0=FSMC_D5,16b-d1
SH.FSMC_D5_DA5.ConfNb=1
SH.FSMC_D6_DA6.0=FSMC_D6,16b-d1
SH.FSMC_D6_DA6.ConfNb=1
SH.FSMC_D7_DA7.0=FSMC_D7,16b-d1
SH.FSMC_D7_DA7.ConfNb=1
SH.FSMC_D8_DA8.0=FSMC_D8,16b-d1
SH.FSMC_D8_DA8.ConfNb=1
SH.FSMC_D9_DA9.0=FSMC_D9,16b-d1
SH.FSMC_D9_DA9.ConfNb=1
SH.FSMC_NOE.0=FSMC_NOE,Lcd1
SH.FSMC_NOE.ConfNb=1
SH.FSMC_NWE.0=FSMC_NWE,Lcd1
SH.FSMC_NWE.ConfNb=1
SH.S_TIM3_CH1.0=TIM3_CH1,PWM_Input_1
SH.S_TIM3_CH1.ConfNb=1
SH.S_TIM9_CH1.0=TIM9_CH1,PWM Generation1 CH1
SH.S_TIM9_CH1.ConfNb=1
TIM11.IPParameters=Prescaler,Period
TIM11.Period=9999
TIM11.Prescaler=167
TIM2.IPParameters=Prescaler,Period,TIM_MasterOutputTrigger
TIM2.Period=99
TIM2.Prescaler=83
TIM2.TIM_MasterOutputTrigger=TIM_TRGO_UPDATE
TIM3.IPParameters=Prescaler
TIM3.Prescaler=83
TIM6.IPParameters=Prescaler,Period,TIM_MasterOutputTrigger
TIM6.Period=999
TIM6.Prescaler=13
TIM6.TIM_MasterOutputTrigger=TIM_TRGO_UPDATE
TIM9.Channel-PWM\ Generation1\ CH1=TIM_CHANNEL_1
TIM9.IPParameters=Channel-PWM Generation1 CH1,Prescaler,Period
TIM9.Period=1999
TIM9.Prescaler=167
USART1.IPParameters=VirtualMode
USART1.VirtualMode=VM_ASYNC
VP_SYS_VS_Systick.Mode=SysTick
VP_SYS_VS_Systick.Signal=SYS_VS_Systick
VP_TIM11_VS_ClockSourceINT.Mode=Enable_Timer
VP_TIM11_VS_ClockSourceINT.Signal=TIM11_VS_ClockSourceINT
VP_TIM2_VS_ClockSourceINT.Mode=Internal
VP_TIM2_VS_ClockSourceINT.Signal=TIM2_VS_ClockSourceINT
VP_TIM6_VS_ClockSourceINT.Mode=Enable_Timer
VP_TIM6_VS_ClockSourceINT.Signal=TIM6_VS_ClockSourceINT
board=custom
